
Microsoft Visual Studio Solution File, Format Version 12.00
# Visual Studio Version 17
VisualStudioVersion = 17.4.33205.214
MinimumVisualStudioVersion = 10.0.40219.1
Project("{FAE04EC0-301F-11D3-BF4B-00C04F79EFBC}") = "Shop_WPF", "Shop_WPF\Shop_WPF.csproj", "{4F901ACB-A82E-4B57-AD7E-39731C1F9F69}"
EndProject
Global
	GlobalSection(SolutionConfigurationPlatforms) = preSolution
		Debug|Any CPU = Debug|Any CPU
		Release|Any CPU = Release|Any CPU
	EndGlobalSection
	GlobalSection(ProjectConfigurationPlatforms) = postSolution
		{4F901ACB-A82E-4B57-AD7E-39731C1F9F69}.Debug|Any CPU.ActiveCfg = Debug|Any CPU
		{4F901ACB-A82E-4B57-AD7E-39731C1F9F69}.Debug|Any CPU.Build.0 = Debug|Any CPU
		{4F901ACB-A82E-4B57-AD7E-39731C1F9F69}.Release|Any CPU.ActiveCfg = Release|Any CPU
		{4F901ACB-A82E-4B57-AD7E-39731C1F9F69}.Release|Any CPU.Build.0 = Release|Any CPU
	EndGlobalSection
	GlobalSection(SolutionProperties) = preSolution
		HideSolutionNode = FALSE
	EndGlobalSection
	GlobalSection(ExtensibilityGlobals) = postSolution
		SolutionGuid = {0D8E1A6F-FDC4-407D-8370-569F00A4265E}
	EndGlobalSection
EndGlobal
